# This file is autogenerated, do not edit; changes may be undone by the next 'dep ensure'.


[[projects]]
  digest = "1:3ccf8ba7afe02fd470c4f07d6eea4d0e6875da3d129f95b925f2003ce5dd2024"
  name = "github.com/StackExchange/wmi"
  packages = ["."]
  pruneopts = "NUT"
  revision = "5d049714c4a64225c3c79a7cf7d02f7fb5b96338"
  version = "1.0.0"

[[projects]]
  digest = "1:a12d94258c5298ead75e142e8001224bf029f302fed9e96cd39c0eaf90f3954d"
  name = "github.com/boltdb/bolt"
  packages = ["."]
  pruneopts = "NUT"
  revision = "2f1ce7a837dcb8da3ec595b1dac9d0632f0f99e8"
  version = "v1.3.1"

[[projects]]
  digest = "1:ffe9824d294da03b391f44e1ae8281281b4afc1bdaa9588c9097785e3af10cec"
  name = "github.com/davecgh/go-spew"
  packages = ["spew"]
  pruneopts = "NUT"
  revision = "8991bc29aa16c548c550c7ff78260e27b9ab7c73"
  version = "v1.1.1"

[[projects]]
  branch = "master"
  digest = "1:621c2c8dab86b2453f8068d84ed14aaa879d746be13c29e03973c5d59a73c031"
  name = "github.com/dropbox/godropbox"
  packages = ["errors"]
  pruneopts = "NUT"
  revision = "31879d3884b90dd94c44c85c0e4f1aff3bbb90e2"

[[projects]]
  branch = "master"
  digest = "1:6e71973a6603a2092fcecb0f12ca43f0b434bc30ec98c1aa4bf64b3c9fd2c0ba"
  name = "github.com/facebookgo/stack"
  packages = ["."]
  pruneopts = "NUT"
  revision = "751773369052141c013c6e827a71e8f35c07879c"

[[projects]]
  branch = "master"
  digest = "1:48612b41359898495b08904be7ee1e8a8784fca3f85800c241fad930cd26f80c"
  name = "github.com/facebookgo/stackerr"
  packages = ["."]
  pruneopts = "NUT"
  revision = "c2fcf88613f4fc155efcb81619424db6cbb5bce0"

[[projects]]
  digest = "1:cbaf38b2bee7034fdcc5ce2b479d21b6b6a3eac57c9a9aee0d0e5d73b68742b8"
  name = "github.com/go-kit/kit"
  packages = ["log"]
  pruneopts = "NUT"
  revision = "ca4112baa34cb55091301bdc13b1420a122b1b9e"
  version = "v0.7.0"

[[projects]]
  digest = "1:341a7df38da99fe91ed40e4008c13cc5d02dcc98ed1a094360cb7d5df26d6d26"
  name = "github.com/go-logfmt/logfmt"
  packages = ["."]
  pruneopts = "NUT"
  revision = "390ab7935ee28ec6b286364bba9b4dd6410cb3d5"
  version = "v0.3.0"

[[projects]]
  digest = "1:cb4e216bd9f58866f42dc65893455b24f879b026fdaa1ecc3aafff625fdb5a66"
  name = "github.com/go-ole/go-ole"
  packages = [
    ".",
    "oleutil",
  ]
  pruneopts = "NUT"
  revision = "a41e3c4b706f6ae8dfbff342b06e40fa4d2d0506"
  version = "v1.2.1"

[[projects]]
  digest = "1:91358b3a314c1ddfd4d6445ca9c1fb846842c31c153e626730594b3c95f73f4a"
  name = "github.com/go-stack/stack"
  packages = ["."]
  pruneopts = "NUT"
  revision = "2fee6af1a9795aafbe0253a0cfbdf668e1fb8a9a"
  version = "v1.8.0"

[[projects]]
  digest = "1:573ca21d3669500ff845bdebee890eb7fc7f0f50c59f2132f2a0c6b03d85086a"
  name = "github.com/golang/protobuf"
  packages = ["proto"]
  pruneopts = "NUT"
  revision = "6c65a5562fc06764971b7c5d05c76c75e84bdbf7"
  version = "v1.3.2"

[[projects]]
  branch = "master"
  digest = "1:f14d1b50e0075fb00177f12a96dd7addf93d1e2883c25befd17285b779549795"
  name = "github.com/gopherjs/gopherjs"
  packages = ["js"]
  pruneopts = "NUT"
  revision = "d547d1d9531ed93dbdebcbff7f83e7c876a1e0ee"

[[projects]]
  digest = "1:395b1480ae42c3fec6fff19823e66e173819f85826811387f9045c88515a7f0f"
  name = "github.com/jtolds/gls"
  packages = ["."]
  pruneopts = "NUT"
  revision = "b4936e06046bbecbb94cae9c18127ebe510a2cb9"
  version = "v4.20"

[[projects]]
  branch = "master"
  digest = "1:df73a1d4552abf519df3b4560142a1f532682304048b561e60e7804e1256a805"
  name = "github.com/juju/errors"
  packages = ["."]
  pruneopts = "NUT"
  revision = "a4583d0a56eac4bdd939e38050d0c69abe0a9b41"

[[projects]]
  branch = "master"
  digest = "1:f91bb67d051a94cf6ab2cf07eee0550432afc31655838d42cdec258db4b348f0"
  name = "github.com/kr/logfmt"
  packages = ["."]
  pruneopts = "NUT"
  revision = "b84e30acd515aadc4b783ad4ff83aff3299bdfe0"

[[projects]]
  digest = "1:92b635b2786bcc08f53d2efc953ef32ef695e028aceb03d157ce2a6d468bec2a"
  name = "github.com/mailru/easyjson"
  packages = [
    ".",
    "buffer",
    "jlexer",
    "jwriter",
  ]
  pruneopts = "NUT"
  revision = "3fdea8d05856a0c8df22ed4bc71b3219245e4485"

[[projects]]
  digest = "1:f06c3ce27f08c9dd5e730176105cd209941873187acca0fb7bf618caa33f5807"
  name = "github.com/opentracing/opentracing-go"
  packages = [
    ".",
    "log",
  ]
  pruneopts = "NUT"
  revision = "659c90643e714681897ec2521c60567dd21da733"
  version = "v1.1.0"

[[projects]]
  digest = "1:0028cb19b2e4c3112225cd871870f2d9cf49b9b4276531f03438a88e94be86fe"
  name = "github.com/pmezard/go-difflib"
  packages = ["difflib"]
  pruneopts = "NUT"
  revision = "792786c7400a136282c1664665ae0a8db921c6c2"
  version = "v1.0.0"

[[projects]]
  branch = "master"
  digest = "1:4d92d3bcd412de705100c10f0428a0b63b12f3d12455ebae46e9ea384c23b333"
  name = "github.com/samuel/go-zookeeper"
  packages = ["zk"]
  pruneopts = "NUT"
  revision = "c4fab1ac1bec58281ad0667dc3f0907a9476ac47"

[[projects]]
  digest = "1:946db283b5540b64c60e7517b5afa54dc148b4672d69b38423a1c8d7fe24f3d1"
  name = "github.com/shirou/gopsutil"
  packages = [
    "cpu",
    "host",
    "internal/common",
    "mem",
    "net",
    "process",
  ]
  pruneopts = "NUT"
  revision = "3ec50d2876a36047b2ca39f955ba88fb7a455e92"
  version = "v2.18.10"

[[projects]]
  branch = "master"
  digest = "1:869e13958e05ca96407cecebea71a60310256aba8f70244d05a06ce09e3f60ba"
  name = "github.com/shirou/w32"
  packages = ["."]
  pruneopts = "NUT"
  revision = "bb4de0191aa41b5507caa14b0650cdbddcd9280b"

[[projects]]
  digest = "1:07444fd15b9d90d066171e7796144c6d9a7bc134b1b9f2c31c54c3468953bae6"
  name = "github.com/signalfx/com_signalfx_metrics_protobuf"
  packages = ["."]
  pruneopts = "NUT"
  revision = "1fb69526e88429e6c60a556f4637caf45d132fff"

[[projects]]
  branch = "master"
  digest = "1:e3e4baeb39e30cfbe15396d38cb3780f2d1788ebf2663d198ce041411dc04f37"
  name = "github.com/signalfx/gohistogram"
  packages = ["."]
  pruneopts = "NUT"
  revision = "1ccfd2ff508314074672f4450a917011a2060408"

[[projects]]
  digest = "1:208fff1e4b8eddae4a60f06f723b846284f3dac84192b3cdbacac3f3c1bc4b63"
  name = "github.com/signalfx/gomemcache"
  packages = ["memcache"]
  pruneopts = "NUT"
  revision = "4f7ef64c72a9ee0760dcb58fdfbbac09f6ccb299"

[[projects]]
  digest = "1:f38bee55c484e6ddaf57e2ee74dc2a646531ec9e504c367ae1483f41ebff1f7c"
  name = "github.com/signalfx/thrift"
  packages = ["lib/go/thrift"]
  pruneopts = "NUT"
  revision = "3838fa316492c1299c107fd1b29d3bc1634e756b"

[[projects]]
  digest = "1:5ce35aa0f67b06b4ab9205d344590d150449618a463a3652b1805b959da5f46c"
  name = "github.com/smartystreets/assertions"
  packages = [
    ".",
    "internal/go-render/render",
    "internal/oglematchers",
  ]
  pruneopts = "NUT"
  revision = "980c5ac6f3acb6ce1cfe13160e49188807174fbe"

[[projects]]
  digest = "1:4dccd132a83155851c5e9faaa134ee3a931965c666b6b3c076e238fe9b3577a4"
  name = "github.com/smartystreets/goconvey"
  packages = [
    "convey",
    "convey/gotest",
    "convey/reporting",
  ]
  pruneopts = "NUT"
  revision = "200a235640ff2643e3126834b67f3e93df76640a"

[[projects]]
  digest = "1:e13e59572cc556c442ecefd85c3d104f1bfeaf16dd98a36bdc5ee7565ac7fbf6"
  name = "github.com/stretchr/testify"
  packages = [
    "assert",
    "require",
  ]
  pruneopts = "NUT"
  revision = "c5d7a69bf8a2c9c374798160849c071093e41dd1"

[[projects]]
  branch = "master"
  digest = "1:8c10311fa30ac48079271d418375a8998400f565d3de0b73db81110a58410472"
  name = "github.com/vaughan0/go-ini"
  packages = ["."]
  pruneopts = "NUT"
  revision = "a98ad7ee00ec53921f08832bc06ecf7fd600e6a1"

[[projects]]
  branch = "master"
  digest = "1:76ee51c3f468493aff39dbacc401e8831fbb765104cbf613b89bef01cf4bad70"
  name = "golang.org/x/net"
  packages = ["context"]
  pruneopts = "NUT"
  revision = "610586996380ceef02dd726cc09df7e00a3f8e56"

[[projects]]
  branch = "master"
  digest = "1:6eac76de26138eb5049ffa3f3a8d4cf394cf626812b7d9b31308301e24bc9840"
  name = "golang.org/x/sys"
  packages = [
    "unix",
    "windows",
  ]
  pruneopts = "NUT"
  revision = "66b7b1311ac80bbafcd2daeef9a5e6e2cd1e2399"

[solve-meta]
  analyzer-name = "dep"
  analyzer-version = 1
  input-imports = [
    "github.com/boltdb/bolt",
    "github.com/dropbox/godropbox/errors",
    "github.com/facebookgo/stackerr",
    "github.com/go-kit/kit/log",
    "github.com/go-logfmt/logfmt",
    "github.com/go-stack/stack",
    "github.com/golang/protobuf/proto",
    "github.com/juju/errors",
    "github.com/mailru/easyjson",
    "github.com/mailru/easyjson/jlexer",
    "github.com/mailru/easyjson/jwriter",
    "github.com/opentracing/opentracing-go",
    "github.com/samuel/go-zookeeper/zk",
    "github.com/shirou/gopsutil/cpu",
    "github.com/shirou/gopsutil/host",
    "github.com/shirou/gopsutil/mem",
    "github.com/signalfx/com_signalfx_metrics_protobuf",
    "github.com/signalfx/gohistogram",
    "github.com/signalfx/gomemcache/memcache",
    "github.com/signalfx/thrift/lib/go/thrift",
    "github.com/smartystreets/goconvey/convey",
    "github.com/stretchr/testify/assert",
    "github.com/stretchr/testify/require",
    "github.com/vaughan0/go-ini",
  ]
  solver-name = "gps-cdcl"
  solver-version = 1
